
Microsoft Visual Studio Solution File, Format Version 12.00
# Visual Studio Version 17
VisualStudioVersion = 17.2.32630.192
MinimumVisualStudioVersion = 10.0.40219.1
Project("{FAE04EC0-301F-11D3-BF4B-00C04F79EFBC}") = "BonusCalculationApi", "BonusCalculationApi\BonusCalculationApi.csproj", "{BAF189F7-E786-4250-9B19-44500B3A965C}"
EndProject
Project("{9A19103F-16F7-4668-BE54-9A1E7A4F7556}") = "Banking.Domain", "..\Banking\Banking.Domain\Banking.Domain.csproj", "{B9446414-5E8E-4ECB-B027-2B4A56C70B4E}"
EndProject
Global
	GlobalSection(SolutionConfigurationPlatforms) = preSolution
		Debug|Any CPU = Debug|Any CPU
		Release|Any CPU = Release|Any CPU
	EndGlobalSection
	GlobalSection(ProjectConfigurationPlatforms) = postSolution
		{BAF189F7-E786-4250-9B19-44500B3A965C}.Debug|Any CPU.ActiveCfg = Debug|Any CPU
		{BAF189F7-E786-4250-9B19-44500B3A965C}.Debug|Any CPU.Build.0 = Debug|Any CPU
		{BAF189F7-E786-4250-9B19-44500B3A965C}.Release|Any CPU.ActiveCfg = Release|Any CPU
		{BAF189F7-E786-4250-9B19-44500B3A965C}.Release|Any CPU.Build.0 = Release|Any CPU
		{B9446414-5E8E-4ECB-B027-2B4A56C70B4E}.Debug|Any CPU.ActiveCfg = Debug|Any CPU
		{B9446414-5E8E-4ECB-B027-2B4A56C70B4E}.Debug|Any CPU.Build.0 = Debug|Any CPU
		{B9446414-5E8E-4ECB-B027-2B4A56C70B4E}.Release|Any CPU.ActiveCfg = Release|Any CPU
		{B9446414-5E8E-4ECB-B027-2B4A56C70B4E}.Release|Any CPU.Build.0 = Release|Any CPU
	EndGlobalSection
	GlobalSection(SolutionProperties) = preSolution
		HideSolutionNode = FALSE
	EndGlobalSection
	GlobalSection(ExtensibilityGlobals) = postSolution
		SolutionGuid = {86F4F6A4-ABB6-46D3-80CC-FE23886F85CF}
	EndGlobalSection
EndGlobal
